
Microsoft Visual Studio Solution File, Format Version 12.00
Project("{FAE04EC0-301F-11D3-BF4B-00C04F79EFBC}") = "Remove_Duplicates", "Remove_Duplicates.csproj", "{F49D01D1-276F-4A74-8DC8-EDF1D6F49492}"
EndProject
Global
	GlobalSection(SolutionConfigurationPlatforms) = preSolution
		Debug|Any CPU = Debug|Any CPU
		Release|Any CPU = Release|Any CPU
	EndGlobalSection
	GlobalSection(ProjectConfigurationPlatforms) = postSolution
		{F49D01D1-276F-4A74-8DC8-EDF1D6F49492}.Debug|Any CPU.ActiveCfg = Debug|Any CPU
		{F49D01D1-276F-4A74-8DC8-EDF1D6F49492}.Debug|Any CPU.Build.0 = Debug|Any CPU
		{F49D01D1-276F-4A74-8DC8-EDF1D6F49492}.Release|Any CPU.ActiveCfg = Release|Any CPU
		{F49D01D1-276F-4A74-8DC8-EDF1D6F49492}.Release|Any CPU.Build.0 = Release|Any CPU
	EndGlobalSection
EndGlobal
