
Microsoft Visual Studio Solution File, Format Version 12.00
Project("{FAE04EC0-301F-11D3-BF4B-00C04F79EFBC}") = "Dynamic_Integer_List", "Dynamic_Integer_List.csproj", "{A9565794-4421-44F4-A89E-1EFA87D71D85}"
EndProject
Global
	GlobalSection(SolutionConfigurationPlatforms) = preSolution
		Debug|Any CPU = Debug|Any CPU
		Release|Any CPU = Release|Any CPU
	EndGlobalSection
	GlobalSection(ProjectConfigurationPlatforms) = postSolution
		{A9565794-4421-44F4-A89E-1EFA87D71D85}.Debug|Any CPU.ActiveCfg = Debug|Any CPU
		{A9565794-4421-44F4-A89E-1EFA87D71D85}.Debug|Any CPU.Build.0 = Debug|Any CPU
		{A9565794-4421-44F4-A89E-1EFA87D71D85}.Release|Any CPU.ActiveCfg = Release|Any CPU
		{A9565794-4421-44F4-A89E-1EFA87D71D85}.Release|Any CPU.Build.0 = Release|Any CPU
	EndGlobalSection
EndGlobal
